{
  "object": {
    "pins": [
      {
        "package": "InputBarAccessoryView",
        "repositoryURL": "https://github.com/nathantannar4/InputBarAccessoryView",
        "state": {
          "branch": null,
          "revision": "74cffa877905146325396c31060cc2bda5ba6f2d",
          "version": "4.3.3"
        }
      },
      {
        "package": "MessageKit",
        "repositoryURL": "https://github.com/ainurb/MessageKit.git",
        "state": {
          "branch": "ios_10",
          "revision": "9b2bdf895e9c7211245c1dd45c712106b577fbac",
          "version": null
        }
      },
      {
        "package": "RxSwift",
        "repositoryURL": "https://github.com/ReactiveX/RxSwift.git",
        "state": {
          "branch": null,
          "revision": "254617dd7fae0c45319ba5fbea435bf4d0e15b5d",
          "version": "5.1.2"
        }
      },
      {
        "package": "SnapKit",
        "repositoryURL": "https://github.com/SnapKit/SnapKit.git",
        "state": {
          "branch": null,
          "revision": "d458564516e5676af9c70b4f4b2a9178294f1bc6",
          "version": "5.0.1"
        }
      }
    ]
  },
  "version": 1
}
